{
  "name": "current-module-paths",
  "version": "1.1.3",
  "lockfileVersion": 3,
  "requires": true,
  "packages": {
    "": {
      "name": "current-module-paths",
      "version": "1.1.3",
      "license": "MIT",
      "devDependencies": {},
      "engines": {
        "node": ">=12.17"
      }
    }
  }
}
